
Microsoft Visual Studio Solution File, Format Version 12.00
# Visual Studio Version 16
VisualStudioVersion = 16.0.31205.134
MinimumVisualStudioVersion = 10.0.40219.1
Project("{FAE04EC0-301F-11D3-BF4B-00C04F79EFBC}") = "ConsoleEngine", "ConsoleEngine\ConsoleEngine.csproj", "{BBDA0F4D-AFB6-4209-BB97-096A0C0CBC04}"
EndProject
Global
	GlobalSection(SolutionConfigurationPlatforms) = preSolution
		Debug|Any CPU = Debug|Any CPU
		Release|Any CPU = Release|Any CPU
	EndGlobalSection
	GlobalSection(ProjectConfigurationPlatforms) = postSolution
		{BBDA0F4D-AFB6-4209-BB97-096A0C0CBC04}.Debug|Any CPU.ActiveCfg = Debug|Any CPU
		{BBDA0F4D-AFB6-4209-BB97-096A0C0CBC04}.Debug|Any CPU.Build.0 = Debug|Any CPU
		{BBDA0F4D-AFB6-4209-BB97-096A0C0CBC04}.Release|Any CPU.ActiveCfg = Release|Any CPU
		{BBDA0F4D-AFB6-4209-BB97-096A0C0CBC04}.Release|Any CPU.Build.0 = Release|Any CPU
	EndGlobalSection
	GlobalSection(SolutionProperties) = preSolution
		HideSolutionNode = FALSE
	EndGlobalSection
	GlobalSection(ExtensibilityGlobals) = postSolution
		SolutionGuid = {85C34FB0-CD53-4FD0-A817-0FCDEEFAA630}
	EndGlobalSection
EndGlobal
